// !$*UTF8*$!
{
	archiveVersion = 1;
	classes = {
	};
	objectVersion = 50;
	objects = {

/* Begin PBXBuildFile section */
		D6918601247599260063D8E1 /* AppDelegate.swift in Sources */ = {isa = PBXBuildFile; fileRef = D6918600247599260063D8E1 /* AppDelegate.swift */; };
		D6918603247599260063D8E1 /* SceneDelegate.swift in Sources */ = {isa = PBXBuildFile; fileRef = D6918602247599260063D8E1 /* SceneDelegate.swift */; };
		D6918605247599260063D8E1 /* DashboardVC.swift in Sources */ = {isa = PBXBuildFile; fileRef = D6918604247599260063D8E1 /* DashboardVC.swift */; };
		D6918608247599260063D8E1 /* Main.storyboard in Resources */ = {isa = PBXBuildFile; fileRef = D6918606247599260063D8E1 /* Main.storyboard */; };
		D691860B247599260063D8E1 /* EComDemo.xcdatamodeld in Sources */ = {isa = PBXBuildFile; fileRef = D6918609247599260063D8E1 /* EComDemo.xcdatamodeld */; };
		D691860D247599290063D8E1 /* Assets.xcassets in Resources */ = {isa = PBXBuildFile; fileRef = D691860C247599290063D8E1 /* Assets.xcassets */; };
		D6918610247599290063D8E1 /* LaunchScreen.storyboard in Resources */ = {isa = PBXBuildFile; fileRef = D691860E247599290063D8E1 /* LaunchScreen.storyboard */; };
		D691861924759DD10063D8E1 /* ProductsResponse.swift in Sources */ = {isa = PBXBuildFile; fileRef = D691861824759DD10063D8E1 /* ProductsResponse.swift */; };
		D691861B24759E090063D8E1 /* DashboardVieModel.swift in Sources */ = {isa = PBXBuildFile; fileRef = D691861A24759E090063D8E1 /* DashboardVieModel.swift */; };
		D691861D24759F0A0063D8E1 /* URLSession+Extension.swift in Sources */ = {isa = PBXBuildFile; fileRef = D691861C24759F0A0063D8E1 /* URLSession+Extension.swift */; };
		D69186202475AD500063D8E1 /* ProductCell.swift in Sources */ = {isa = PBXBuildFile; fileRef = D691861F2475AD500063D8E1 /* ProductCell.swift */; };
		D69186222475AE5E0063D8E1 /* CategoryTableCell.swift in Sources */ = {isa = PBXBuildFile; fileRef = D69186212475AE5E0063D8E1 /* CategoryTableCell.swift */; };
/* End PBXBuildFile section */

/* Begin PBXFileReference section */
		D69185FD247599260063D8E1 /* EComDemo.app */ = {isa = PBXFileReference; explicitFileType = wrapper.application; includeInIndex = 0; path = EComDemo.app; sourceTree = BUILT_PRODUCTS_DIR; };
		D6918600247599260063D8E1 /* AppDelegate.swift */ = {isa = PBXFileReference; lastKnownFileType = sourcecode.swift; path = AppDelegate.swift; sourceTree = "<group>"; };
		D6918602247599260063D8E1 /* SceneDelegate.swift */ = {isa = PBXFileReference; lastKnownFileType = sourcecode.swift; path = SceneDelegate.swift; sourceTree = "<group>"; };
		D6918604247599260063D8E1 /* DashboardVC.swift */ = {isa = PBXFileReference; lastKnownFileType = sourcecode.swift; path = DashboardVC.swift; sourceTree = "<group>"; };
		D6918607247599260063D8E1 /* Base */ = {isa = PBXFileReference; lastKnownFileType = file.storyboard; name = Base; path = Base.lproj/Main.storyboard; sourceTree = "<group>"; };
		D691860A247599260063D8E1 /* EComDemo.xcdatamodel */ = {isa = PBXFileReference; lastKnownFileType = wrapper.xcdatamodel; path = EComDemo.xcdatamodel; sourceTree = "<group>"; };
		D691860C247599290063D8E1 /* Assets.xcassets */ = {isa = PBXFileReference; lastKnownFileType = folder.assetcatalog; path = Assets.xcassets; sourceTree = "<group>"; };
		D691860F247599290063D8E1 /* Base */ = {isa = PBXFileReference; lastKnownFileType = file.storyboard; name = Base; path = Base.lproj/LaunchScreen.storyboard; sourceTree = "<group>"; };
		D6918611247599290063D8E1 /* Info.plist */ = {isa = PBXFileReference; lastKnownFileType = text.plist.xml; path = Info.plist; sourceTree = "<group>"; };
		D691861824759DD10063D8E1 /* ProductsResponse.swift */ = {isa = PBXFileReference; lastKnownFileType = sourcecode.swift; path = ProductsResponse.swift; sourceTree = "<group>"; };
		D691861A24759E090063D8E1 /* DashboardVieModel.swift */ = {isa = PBXFileReference; lastKnownFileType = sourcecode.swift; path = DashboardVieModel.swift; sourceTree = "<group>"; };
		D691861C24759F0A0063D8E1 /* URLSession+Extension.swift */ = {isa = PBXFileReference; lastKnownFileType = sourcecode.swift; path = "URLSession+Extension.swift"; sourceTree = "<group>"; };
		D691861F2475AD500063D8E1 /* ProductCell.swift */ = {isa = PBXFileReference; lastKnownFileType = sourcecode.swift; path = ProductCell.swift; sourceTree = "<group>"; };
		D69186212475AE5E0063D8E1 /* CategoryTableCell.swift */ = {isa = PBXFileReference; lastKnownFileType = sourcecode.swift; path = CategoryTableCell.swift; sourceTree = "<group>"; };
/* End PBXFileReference section */

/* Begin PBXFrameworksBuildPhase section */
		D69185FA247599260063D8E1 /* Frameworks */ = {
			isa = PBXFrameworksBuildPhase;
			buildActionMask = 2147483647;
			files = (
			);
			runOnlyForDeploymentPostprocessing = 0;
		};
/* End PBXFrameworksBuildPhase section */

/* Begin PBXGroup section */
		D69185F4247599260063D8E1 = {
			isa = PBXGroup;
			children = (
				D69185FF247599260063D8E1 /* EComDemo */,
				D69185FE247599260063D8E1 /* Products */,
			);
			sourceTree = "<group>";
		};
		D69185FE247599260063D8E1 /* Products */ = {
			isa = PBXGroup;
			children = (
				D69185FD247599260063D8E1 /* EComDemo.app */,
			);
			name = Products;
			sourceTree = "<group>";
		};
		D69185FF247599260063D8E1 /* EComDemo */ = {
			isa = PBXGroup;
			children = (
				D6918600247599260063D8E1 /* AppDelegate.swift */,
				D6918602247599260063D8E1 /* SceneDelegate.swift */,
				D691861724759DB40063D8E1 /* Dashboard */,
				D6918606247599260063D8E1 /* Main.storyboard */,
				D691860C247599290063D8E1 /* Assets.xcassets */,
				D691860E247599290063D8E1 /* LaunchScreen.storyboard */,
				D6918611247599290063D8E1 /* Info.plist */,
				D6918609247599260063D8E1 /* EComDemo.xcdatamodeld */,
			);
			path = EComDemo;
			sourceTree = "<group>";
		};
		D691861724759DB40063D8E1 /* Dashboard */ = {
			isa = PBXGroup;
			children = (
				D6918604247599260063D8E1 /* DashboardVC.swift */,
				D691861824759DD10063D8E1 /* ProductsResponse.swift */,
				D691861A24759E090063D8E1 /* DashboardVieModel.swift */,
				D691861C24759F0A0063D8E1 /* URLSession+Extension.swift */,
				D691861E2475AD1B0063D8E1 /* CustomCells */,
			);
			path = Dashboard;
			sourceTree = "<group>";
		};
		D691861E2475AD1B0063D8E1 /* CustomCells */ = {
			isa = PBXGroup;
			children = (
				D691861F2475AD500063D8E1 /* ProductCell.swift */,
				D69186212475AE5E0063D8E1 /* CategoryTableCell.swift */,
			);
			path = CustomCells;
			sourceTree = "<group>";
		};
/* End PBXGroup section */

/* Begin PBXNativeTarget section */
		D69185FC247599260063D8E1 /* EComDemo */ = {
			isa = PBXNativeTarget;
			buildConfigurationList = D6918614247599290063D8E1 /* Build configuration list for PBXNativeTarget "EComDemo" */;
			buildPhases = (
				D69185F9247599260063D8E1 /* Sources */,
				D69185FA247599260063D8E1 /* Frameworks */,
				D69185FB247599260063D8E1 /* Resources */,
			);
			buildRules = (
			);
			dependencies = (
			);
			name = EComDemo;
			productName = EComDemo;
			productReference = D69185FD247599260063D8E1 /* EComDemo.app */;
			productType = "com.apple.product-type.application";
		};
/* End PBXNativeTarget section */

/* Begin PBXProject section */
		D69185F5247599260063D8E1 /* Project object */ = {
			isa = PBXProject;
			attributes = {
				LastSwiftUpdateCheck = 1140;
				LastUpgradeCheck = 1140;
				ORGANIZATIONNAME = Krishna;
				TargetAttributes = {
					D69185FC247599260063D8E1 = {
						CreatedOnToolsVersion = 11.4.1;
					};
				};
			};
			buildConfigurationList = D69185F8247599260063D8E1 /* Build configuration list for PBXProject "EComDemo" */;
			compatibilityVersion = "Xcode 9.3";
			developmentRegion = en;
			hasScannedForEncodings = 0;
			knownRegions = (
				en,
				Base,
			);
			mainGroup = D69185F4247599260063D8E1;
			productRefGroup = D69185FE247599260063D8E1 /* Products */;
			projectDirPath = "";
			projectRoot = "";
			targets = (
				D69185FC247599260063D8E1 /* EComDemo */,
			);
		};
/* End PBXProject section */

/* Begin PBXResourcesBuildPhase section */
		D69185FB247599260063D8E1 /* Resources */ = {
			isa = PBXResourcesBuildPhase;
			buildActionMask = 2147483647;
			files = (
				D6918610247599290063D8E1 /* LaunchScreen.storyboard in Resources */,
				D691860D247599290063D8E1 /* Assets.xcassets in Resources */,
				D6918608247599260063D8E1 /* Main.storyboard in Resources */,
			);
			runOnlyForDeploymentPostprocessing = 0;
		};
/* End PBXResourcesBuildPhase section */

/* Begin PBXSourcesBuildPhase section */
		D69185F9247599260063D8E1 /* Sources */ = {
			isa = PBXSourcesBuildPhase;
			buildActionMask = 2147483647;
			files = (
				D691861924759DD10063D8E1 /* ProductsResponse.swift in Sources */,
				D691861B24759E090063D8E1 /* DashboardVieModel.swift in Sources */,
				D69186222475AE5E0063D8E1 /* CategoryTableCell.swift in Sources */,
				D691861D24759F0A0063D8E1 /* URLSession+Extension.swift in Sources */,
				D6918605247599260063D8E1 /* DashboardVC.swift in Sources */,
				D6918601247599260063D8E1 /* AppDelegate.swift in Sources */,
				D69186202475AD500063D8E1 /* ProductCell.swift in Sources */,
				D691860B247599260063D8E1 /* EComDemo.xcdatamodeld in Sources */,
				D6918603247599260063D8E1 /* SceneDelegate.swift in Sources */,
			);
			runOnlyForDeploymentPostprocessing = 0;
		};
/* End PBXSourcesBuildPhase section */

/* Begin PBXVariantGroup section */
		D6918606247599260063D8E1 /* Main.storyboard */ = {
			isa = PBXVariantGroup;
			children = (
				D6918607247599260063D8E1 /* Base */,
			);
			name = Main.storyboard;
			sourceTree = "<group>";
		};
		D691860E247599290063D8E1 /* LaunchScreen.storyboard */ = {
			isa = PBXVariantGroup;
			children = (
				D691860F247599290063D8E1 /* Base */,
			);
			name = LaunchScreen.storyboard;
			sourceTree = "<group>";
		};
/* End PBXVariantGroup section */

/* Begin XCBuildConfiguration section */
		D6918612247599290063D8E1 /* Debug */ = {
			isa = XCBuildConfiguration;
			buildSettings = {
				ALWAYS_SEARCH_USER_PATHS = NO;
				CLANG_ANALYZER_NONNULL = YES;
				CLANG_ANALYZER_NUMBER_OBJECT_CONVERSION = YES_AGGRESSIVE;
				CLANG_CXX_LANGUAGE_STANDARD = "gnu++14";
				CLANG_CXX_LIBRARY = "libc++";
				CLANG_ENABLE_MODULES = YES;
				CLANG_ENABLE_OBJC_ARC = YES;
				CLANG_ENABLE_OBJC_WEAK = YES;
				CLANG_WARN_BLOCK_CAPTURE_AUTORELEASING = YES;
				CLANG_WARN_BOOL_CONVERSION = YES;
				CLANG_WARN_COMMA = YES;
				CLANG_WARN_CONSTANT_CONVERSION = YES;
				CLANG_WARN_DEPRECATED_OBJC_IMPLEMENTATIONS = YES;
				CLANG_WARN_DIRECT_OBJC_ISA_USAGE = YES_ERROR;
				CLANG_WARN_DOCUMENTATION_COMMENTS = YES;
				CLANG_WARN_EMPTY_BODY = YES;
				CLANG_WARN_ENUM_CONVERSION = YES;
				CLANG_WARN_INFINITE_RECURSION = YES;
				CLANG_WARN_INT_CONVERSION = YES;
				CLANG_WARN_NON_LITERAL_NULL_CONVERSION = YES;
				CLANG_WARN_OBJC_IMPLICIT_RETAIN_SELF = YES;
				CLANG_WARN_OBJC_LITERAL_CONVERSION = YES;
				CLANG_WARN_OBJC_ROOT_CLASS = YES_ERROR;
				CLANG_WARN_RANGE_LOOP_ANALYSIS = YES;
				CLANG_WARN_STRICT_PROTOTYPES = YES;
				CLANG_WARN_SUSPICIOUS_MOVE = YES;
				CLANG_WARN_UNGUARDED_AVAILABILITY = YES_AGGRESSIVE;
				CLANG_WARN_UNREACHABLE_CODE = YES;
				CLANG_WARN__DUPLICATE_METHOD_MATCH = YES;
				COPY_PHASE_STRIP = NO;
				DEBUG_INFORMATION_FORMAT = dwarf;
				ENABLE_STRICT_OBJC_MSGSEND = YES;
				ENABLE_TESTABILITY = YES;
				GCC_C_LANGUAGE_STANDARD = gnu11;
				GCC_DYNAMIC_NO_PIC = NO;
				GCC_NO_COMMON_BLOCKS = YES;
				GCC_OPTIMIZATION_LEVEL = 0;
				GCC_PREPROCESSOR_DEFINITIONS = (
					"DEBUG=1",
					"$(inherited)",
				);
				GCC_WARN_64_TO_32_BIT_CONVERSION = YES;
				GCC_WARN_ABOUT_RETURN_TYPE = YES_ERROR;
				GCC_WARN_UNDECLARED_SELECTOR = YES;
				GCC_WARN_UNINITIALIZED_AUTOS = YES_AGGRESSIVE;
				GCC_WARN_UNUSED_FUNCTION = YES;
				GCC_WARN_UNUSED_VARIABLE = YES;
				IPHONEOS_DEPLOYMENT_TARGET = 13.4;
				MTL_ENABLE_DEBUG_INFO = INCLUDE_SOURCE;
				MTL_FAST_MATH = YES;
				ONLY_ACTIVE_ARCH = YES;
				SDKROOT = iphoneos;
				SWIFT_ACTIVE_COMPILATION_CONDITIONS = DEBUG;
				SWIFT_OPTIMIZATION_LEVEL = "-Onone";
			};
			name = Debug;
		};
		D6918613247599290063D8E1 /* Release */ = {
			isa = XCBuildConfiguration;
			buildSettings = {
				ALWAYS_SEARCH_USER_PATHS = NO;
				CLANG_ANALYZER_NONNULL = YES;
				CLANG_ANALYZER_NUMBER_OBJECT_CONVERSION = YES_AGGRESSIVE;
				CLANG_CXX_LANGUAGE_STANDARD = "gnu++14";
				CLANG_CXX_LIBRARY = "libc++";
				CLANG_ENABLE_MODULES = YES;
				CLANG_ENABLE_OBJC_ARC = YES;
				CLANG_ENABLE_OBJC_WEAK = YES;
				CLANG_WARN_BLOCK_CAPTURE_AUTORELEASING = YES;
				CLANG_WARN_BOOL_CONVERSION = YES;
				CLANG_WARN_COMMA = YES;
				CLANG_WARN_CONSTANT_CONVERSION = YES;
				CLANG_WARN_DEPRECATED_OBJC_IMPLEMENTATIONS = YES;
				CLANG_WARN_DIRECT_OBJC_ISA_USAGE = YES_ERROR;
				CLANG_WARN_DOCUMENTATION_COMMENTS = YES;
				CLANG_WARN_EMPTY_BODY = YES;
				CLANG_WARN_ENUM_CONVERSION = YES;
				CLANG_WARN_INFINITE_RECURSION = YES;
				CLANG_WARN_INT_CONVERSION = YES;
				CLANG_WARN_NON_LITERAL_NULL_CONVERSION = YES;
				CLANG_WARN_OBJC_IMPLICIT_RETAIN_SELF = YES;
				CLANG_WARN_OBJC_LITERAL_CONVERSION = YES;
				CLANG_WARN_OBJC_ROOT_CLASS = YES_ERROR;
				CLANG_WARN_RANGE_LOOP_ANALYSIS = YES;
				CLANG_WARN_STRICT_PROTOTYPES = YES;
				CLANG_WARN_SUSPICIOUS_MOVE = YES;
				CLANG_WARN_UNGUARDED_AVAILABILITY = YES_AGGRESSIVE;
				CLANG_WARN_UNREACHABLE_CODE = YES;
				CLANG_WARN__DUPLICATE_METHOD_MATCH = YES;
				COPY_PHASE_STRIP = NO;
				DEBUG_INFORMATION_FORMAT = "dwarf-with-dsym";
				ENABLE_NS_ASSERTIONS = NO;
				ENABLE_STRICT_OBJC_MSGSEND = YES;
				GCC_C_LANGUAGE_STANDARD = gnu11;
				GCC_NO_COMMON_BLOCKS = YES;
				GCC_WARN_64_TO_32_BIT_CONVERSION = YES;
				GCC_WARN_ABOUT_RETURN_TYPE = YES_ERROR;
				GCC_WARN_UNDECLARED_SELECTOR = YES;
				GCC_WARN_UNINITIALIZED_AUTOS = YES_AGGRESSIVE;
				GCC_WARN_UNUSED_FUNCTION = YES;
				GCC_WARN_UNUSED_VARIABLE = YES;
				IPHONEOS_DEPLOYMENT_TARGET = 13.4;
				MTL_ENABLE_DEBUG_INFO = NO;
				MTL_FAST_MATH = YES;
				SDKROOT = iphoneos;
				SWIFT_COMPILATION_MODE = wholemodule;
				SWIFT_OPTIMIZATION_LEVEL = "-O";
				VALIDATE_PRODUCT = YES;
			};
			name = Release;
		};
		D6918615247599290063D8E1 /* Debug */ = {
			isa = XCBuildConfiguration;
			buildSettings = {
				ASSETCATALOG_COMPILER_APPICON_NAME = AppIcon;
				CODE_SIGN_STYLE = Automatic;
				DEVELOPMENT_TEAM = J9YKQ7ST9E;
				INFOPLIST_FILE = EComDemo/Info.plist;
				IPHONEOS_DEPLOYMENT_TARGET = 13.0;
				LD_RUNPATH_SEARCH_PATHS = (
					"$(inherited)",
					"@executable_path/Frameworks",
				);
				PRODUCT_BUNDLE_IDENTIFIER = com.krishna.EComDemo;
				PRODUCT_NAME = "$(TARGET_NAME)";
				SWIFT_VERSION = 5.0;
				TARGETED_DEVICE_FAMILY = 1;
			};
			name = Debug;
		};
		D6918616247599290063D8E1 /* Release */ = {
			isa = XCBuildConfiguration;
			buildSettings = {
				ASSETCATALOG_COMPILER_APPICON_NAME = AppIcon;
				CODE_SIGN_STYLE = Automatic;
				DEVELOPMENT_TEAM = J9YKQ7ST9E;
				INFOPLIST_FILE = EComDemo/Info.plist;
				IPHONEOS_DEPLOYMENT_TARGET = 13.0;
				LD_RUNPATH_SEARCH_PATHS = (
					"$(inherited)",
					"@executable_path/Frameworks",
				);
				PRODUCT_BUNDLE_IDENTIFIER = com.krishna.EComDemo;
				PRODUCT_NAME = "$(TARGET_NAME)";
				SWIFT_VERSION = 5.0;
				TARGETED_DEVICE_FAMILY = 1;
			};
			name = Release;
		};
/* End XCBuildConfiguration section */

/* Begin XCConfigurationList section */
		D69185F8247599260063D8E1 /* Build configuration list for PBXProject "EComDemo" */ = {
			isa = XCConfigurationList;
			buildConfigurations = (
				D6918612247599290063D8E1 /* Debug */,
				D6918613247599290063D8E1 /* Release */,
			);
			defaultConfigurationIsVisible = 0;
			defaultConfigurationName = Release;
		};
		D6918614247599290063D8E1 /* Build configuration list for PBXNativeTarget "EComDemo" */ = {
			isa = XCConfigurationList;
			buildConfigurations = (
				D6918615247599290063D8E1 /* Debug */,
				D6918616247599290063D8E1 /* Release */,
			);
			defaultConfigurationIsVisible = 0;
			defaultConfigurationName = Release;
		};
/* End XCConfigurationList section */

/* Begin XCVersionGroup section */
		D6918609247599260063D8E1 /* EComDemo.xcdatamodeld */ = {
			isa = XCVersionGroup;
			children = (
				D691860A247599260063D8E1 /* EComDemo.xcdatamodel */,
			);
			currentVersion = D691860A247599260063D8E1 /* EComDemo.xcdatamodel */;
			path = EComDemo.xcdatamodeld;
			sourceTree = "<group>";
			versionGroupType = wrapper.xcdatamodel;
		};
/* End XCVersionGroup section */
	};
	rootObject = D69185F5247599260063D8E1 /* Project object */;
}
